{
  "name": "fugue-agents",
  "version": "0.0.0",
  "lockfileVersion": 3,
  "requires": true,
  "packages": {
    "": {
      "name": "fugue-agents",
      "version": "0.0.0",
      "license": "SEE LICENSE IN LICENSE",
      "dependencies": {
        "@anthropic-ai/claude-code": "2.1.278",
        "@google/gemini-cli": "0.60.0",
        "@openai/codex": "0.155.1"
      }
    },
    "node_modules/@anthropic-ai/claude-code": {
      "version": "2.1.278",
      "resolved": "https://registry.npmjs.org/@anthropic-ai/claude-code/-/claude-code-2.1.278.tgz",
      "integrity": "sha512-mfNRqC0GaEXqmP97NiwJBeYBmRuqe2VzgLUreUUaEhyJxJWx2Z6ClW1tBOncGNNXdhj6EY4LPvUIWP+oq311CA==",
      "hasInstallScript": true,
      "license": "SEE LICENSE IN README.md",
      "bin": {
        "claude": "bin/claude.exe"
      },
      "engines": {
        "node": ">=22.0.0"
      },
      "optionalDependencies": {
        "@anthropic-ai/claude-code-darwin-arm64": "2.1.278",
        "@anthropic-ai/claude-code-darwin-x64": "2.1.278",
        "@anthropic-ai/claude-code-linux-arm64": "2.1.278",
        "@anthropic-ai/claude-code-linux-arm64-musl": "2.1.278",
        "@anthropic-ai/claude-code-linux-x64": "2.1.278",
        "@anthropic-ai/claude-code-linux-x64-musl": "2.1.278",
        "@anthropic-ai/claude-code-win32-arm64": "2.1.278",
        "@anthropic-ai/claude-code-win32-x64": "2.1.278"
      }
    },
    "node_modules/@anthropic-ai/claude-code-darwin-arm64": {
      "version": "2.1.278",
      "resolved": "https://registry.npmjs.org/@anthropic-ai/claude-code-darwin-arm64/-/claude-code-darwin-arm64-2.1.278.tgz",
      "integrity": "sha512-Jgl//CpT1KR1N8uxAN0CmkFu3eESU7GYzPOwdGH1pCENysJqYgo2LwsIrTol+EequNMrTG3kkrNW9mIoS8eWLg==",
      "cpu": [
        "arm64"
      ],
      "license": "SEE LICENSE IN LICENSE.md",
      "optional": true,
      "os": [
        "darwin"
      ]
    },
    "node_modules/@anthropic-ai/claude-code-darwin-x64": {
      "version": "2.1.278",
      "resolved": "https://registry.npmjs.org/@anthropic-ai/claude-code-darwin-x64/-/claude-code-darwin-x64-2.1.278.tgz",
      "integrity": "sha512-8ohVNWkdN3wE0P4yFnM7cm7Xd20kbXAHxu+rvqeBNeN8rKyZyPDUx06Zl/7/i9pfR8q9lZMY7kKA3dRxNNxvvg==",
      "cpu": [
        "x64"
      ],
      "license": "SEE LICENSE IN LICENSE.md",
      "optional": true,
      "os": [
        "darwin"
      ]
    },
    "node_modules/@anthropic-ai/claude-code-linux-arm64": {
      "version": "2.1.278",
      "resolved": "https://registry.npmjs.org/@anthropic-ai/claude-code-linux-arm64/-/claude-code-linux-arm64-2.1.278.tgz",
      "integrity": "sha512-QAsHwRVX03nXgAA7pTdvZSLguegbAAPuLG1vY09YHhkukqD6FlkSDwYqK9XFh4up8rFjK7qrzXtokuNULP0nEg==",
      "cpu": [
        "arm64"
      ],
      "libc": [
        "glibc"
      ],
      "license": "SEE LICENSE IN LICENSE.md",
      "optional": true,
      "os": [
        "linux"
      ]
    },
    "node_modules/@anthropic-ai/claude-code-linux-arm64-musl": {
      "version": "2.1.278",
      "resolved": "https://registry.npmjs.org/@anthropic-ai/claude-code-linux-arm64-musl/-/claude-code-linux-arm64-musl-2.1.278.tgz",
      "integrity": "sha512-fsroa4Z+4KCQACEYTVRYtnDbJYp3NLLVi53AUHRKKVYNhei92+rQdBxvGB81+ET4BUgfOlkwRt3+fnh7ndP9zg==",
      "cpu": [
        "arm64"
      ],
      "libc": [
        "musl"
      ],
      "license": "SEE LICENSE IN LICENSE.md",
      "optional": true,
      "os": [
        "linux"
      ]
    },
    "node_modules/@anthropic-ai/claude-code-linux-x64": {
      "version": "2.1.278",
      "resolved": "https://registry.npmjs.org/@anthropic-ai/claude-code-linux-x64/-/claude-code-linux-x64-2.1.278.tgz",
      "integrity": "sha512-q3r+5aLGAet1MGMkCH2xPsuIW9A40ws4zftURxhYwDenheCKvXc7Gr1jBwvEhYG8uQwgY3YsfNwnvIsh1Bjmeg==",
      "cpu": [
        "x64"
      ],
      "libc": [
        "glibc"
      ],
      "license": "SEE LICENSE IN LICENSE.md",
      "optional": true,
      "os": [
        "linux"
      ]
    },
    "node_modules/@anthropic-ai/claude-code-linux-x64-musl": {
      "version": "2.1.278",
      "resolved": "https://registry.npmjs.org/@anthropic-ai/claude-code-linux-x64-musl/-/claude-code-linux-x64-musl-2.1.278.tgz",
      "integrity": "sha512-fUYSGjtRFWBsxObXd75PaEl+hUsxHdZsWuDEh4WYgyFs9ljiNuPE/PgHh9y/lrysnH0K8HQmMs3mpFvw34KyzA==",
      "cpu": [
        "x64"
      ],
      "libc": [
        "musl"
      ],
      "license": "SEE LICENSE IN LICENSE.md",
      "optional": true,
      "os": [
        "linux"
      ]
    },
    "node_modules/@anthropic-ai/claude-code-win32-arm64": {
      "version": "2.1.278",
      "resolved": "https://registry.npmjs.org/@anthropic-ai/claude-code-win32-arm64/-/claude-code-win32-arm64-2.1.278.tgz",
      "integrity": "sha512-SQf1ZDCenMPc0730RaZsIR8n15x0kdYiwGsL5QBSIcFjxRpT5gnonf5rZ55aeaO9g2g/ZU2CT99RgqMxy5y0Hg==",
      "cpu": [
        "arm64"
      ],
      "license": "SEE LICENSE IN LICENSE.md",
      "optional": true,
      "os": [
        "win32"
      ]
    },
    "node_modules/@anthropic-ai/claude-code-win32-x64": {
      "version": "2.1.278",
      "resolved": "https://registry.npmjs.org/@anthropic-ai/claude-code-win32-x64/-/claude-code-win32-x64-2.1.278.tgz",
      "integrity": "sha512-8gwotnfAqgtuayi0m/Ajy5k+fochciv9Erdn7iqaCHM321cz5nOnJy0yCCkk4DsT0nG7kq67dOPXE9N4jdPz7Q==",
      "cpu": [
        "x64"
      ],
      "license": "SEE LICENSE IN LICENSE.md",
      "optional": true,
      "os": [
        "win32"
      ]
    },
    "node_modules/@github/keytar": {
      "version": "7.10.6",
      "resolved": "https://registry.npmjs.org/@github/keytar/-/keytar-7.10.6.tgz",
      "integrity": "sha512-mRW6cUsSG+nj4jp5gp8e91zPySaT73r+2JM6VyMZfrEgksjPmjSMr+tPGNOK3HUHV+GUU9B1LAiiYy/wmAnIxA==",
      "hasInstallScript": true,
      "license": "MIT",
      "optional": true,
      "dependencies": {
        "node-addon-api": "^8.3.0"
      }
    },
    "node_modules/@google/gemini-cli": {
      "version": "0.60.0",
      "resolved": "https://registry.npmjs.org/@google/gemini-cli/-/gemini-cli-0.60.0.tgz",
      "integrity": "sha512-bp6aLytN+beto8sTHIzMyK5Y6Ry5mMZrBdNGx3EiAjqIpS99B8c/Elha6xyYRIabgFs0Q75/xDauNRAqHGY34w==",
      "license": "Apache-2.0",
      "bin": {
        "gemini": "bundle/gemini.js"
      },
      "engines": {
        "node": ">=20"
      },
      "optionalDependencies": {
        "@github/keytar": "7.10.6",
        "@lydell/node-pty": "1.1.0",
        "@lydell/node-pty-darwin-arm64": "1.1.0",
        "@lydell/node-pty-darwin-x64": "1.1.0",
        "@lydell/node-pty-linux-x64": "1.1.0",
        "@lydell/node-pty-win32-arm64": "1.1.0",
        "@lydell/node-pty-win32-x64": "1.1.0",
        "node-pty": "1.0.0"
      }
    },
    "node_modules/@lydell/node-pty": {
      "version": "1.1.0",
      "resolved": "https://registry.npmjs.org/@lydell/node-pty/-/node-pty-1.1.0.tgz",
      "integrity": "sha512-VDD8LtlMTOrPKWMXUAcB9+LTktzuunqrMwkYR1DMRBkS6LQrCt+0/Ws1o2rMml/n3guePpS7cxhHF7Nm5K4iMw==",
      "license": "MIT",
      "optional": true,
      "optionalDependencies": {
        "@lydell/node-pty-darwin-arm64": "1.1.0",
        "@lydell/node-pty-darwin-x64": "1.1.0",
        "@lydell/node-pty-linux-arm64": "1.1.0",
        "@lydell/node-pty-linux-x64": "1.1.0",
        "@lydell/node-pty-win32-arm64": "1.1.0",
        "@lydell/node-pty-win32-x64": "1.1.0"
      }
    },
    "node_modules/@lydell/node-pty-darwin-arm64": {
      "version": "1.1.0",
      "resolved": "https://registry.npmjs.org/@lydell/node-pty-darwin-arm64/-/node-pty-darwin-arm64-1.1.0.tgz",
      "integrity": "sha512-7kFD+owAA61qmhJCtoMbqj3Uvff3YHDiU+4on5F2vQdcMI3MuwGi7dM6MkFG/yuzpw8LF2xULpL71tOPUfxs0w==",
      "cpu": [
        "arm64"
      ],
      "license": "MIT",
      "optional": true,
      "os": [
        "darwin"
      ]
    },
    "node_modules/@lydell/node-pty-darwin-x64": {
      "version": "1.1.0",
      "resolved": "https://registry.npmjs.org/@lydell/node-pty-darwin-x64/-/node-pty-darwin-x64-1.1.0.tgz",
      "integrity": "sha512-XZdvqj5FjAMjH8bdp0YfaZjur5DrCIDD1VYiE9EkkYVMDQqRUPHYV3U8BVEQVT9hYfjmpr7dNaELF2KyISWSNA==",
      "cpu": [
        "x64"
      ],
      "license": "MIT",
      "optional": true,
      "os": [
        "darwin"
      ]
    },
    "node_modules/@lydell/node-pty-linux-arm64": {
      "version": "1.1.0",
      "resolved": "https://registry.npmjs.org/@lydell/node-pty-linux-arm64/-/node-pty-linux-arm64-1.1.0.tgz",
      "integrity": "sha512-yyDBmalCfHpLiQMT2zyLcqL2Fay4Xy7rIs8GH4dqKLnEviMvPGOK7LADVkKAsbsyXBSISL3Lt1m1MtxhPH6ckg==",
      "cpu": [
        "arm64"
      ],
      "license": "MIT",
      "optional": true,
      "os": [
        "linux"
      ]
    },
    "node_modules/@lydell/node-pty-linux-x64": {
      "version": "1.1.0",
      "resolved": "https://registry.npmjs.org/@lydell/node-pty-linux-x64/-/node-pty-linux-x64-1.1.0.tgz",
      "integrity": "sha512-NcNqRTD14QT+vXcEuqSSvmWY+0+WUBn2uRE8EN0zKtDpIEr9d+YiFj16Uqds6QfcLCHfZmC+Ls7YzwTaqDnanA==",
      "cpu": [
        "x64"
      ],
      "license": "MIT",
      "optional": true,
      "os": [
        "linux"
      ]
    },
    "node_modules/@lydell/node-pty-win32-arm64": {
      "version": "1.1.0",
      "resolved": "https://registry.npmjs.org/@lydell/node-pty-win32-arm64/-/node-pty-win32-arm64-1.1.0.tgz",
      "integrity": "sha512-JOMbCou+0fA7d/m97faIIfIU0jOv8sn2OR7tI45u3AmldKoKoLP8zHY6SAvDDnI3fccO1R2HeR1doVjpS7HM0w==",
      "cpu": [
        "arm64"
      ],
      "license": "MIT",
      "optional": true,
      "os": [
        "win32"
      ]
    },
    "node_modules/@lydell/node-pty-win32-x64": {
      "version": "1.1.0",
      "resolved": "https://registry.npmjs.org/@lydell/node-pty-win32-x64/-/node-pty-win32-x64-1.1.0.tgz",
      "integrity": "sha512-3N56BZ+WDFnUMYRtsrr7Ky2mhWGl9xXcyqR6cexfuCqcz9RNWL+KoXRv/nZylY5dYaXkft4JaR1uVu+roiZDAw==",
      "cpu": [
        "x64"
      ],
      "license": "MIT",
      "optional": true,
      "os": [
        "win32"
      ]
    },
    "node_modules/@openai/codex": {
      "version": "0.155.1",
      "resolved": "https://registry.npmjs.org/@openai/codex/-/codex-0.155.1.tgz",
      "integrity": "sha512-02fAAGyBtlA1zPjEo3kTj/bOSYbPz5DvjLwRZJdV7weFFEDzNFOMjQGmZ/+5CuirYV0hE+AZTrnjzwXYU4AdAQ==",
      "license": "Apache-2.0",
      "bin": {
        "codex": "bin/codex.js"
      },
      "engines": {
        "node": ">=16"
      },
      "optionalDependencies": {
        "@openai/codex-darwin-arm64": "npm:@openai/codex@0.155.1-darwin-arm64",
        "@openai/codex-darwin-x64": "npm:@openai/codex@0.155.1-darwin-x64",
        "@openai/codex-linux-arm64": "npm:@openai/codex@0.155.1-linux-arm64",
        "@openai/codex-linux-x64": "npm:@openai/codex@0.155.1-linux-x64",
        "@openai/codex-win32-arm64": "npm:@openai/codex@0.155.1-win32-arm64",
        "@openai/codex-win32-x64": "npm:@openai/codex@0.155.1-win32-x64"
      }
    },
    "node_modules/@openai/codex-darwin-arm64": {
      "name": "@openai/codex",
      "version": "0.155.1-darwin-arm64",
      "resolved": "https://registry.npmjs.org/@openai/codex/-/codex-0.155.1-darwin-arm64.tgz",
      "integrity": "sha512-cYxzGcRRoBrncyHlR8ed4yXwcoVJZC1pipGULSyJkGFKXJw/Uu57BklvzayuAptjJIipamnOk32CfUkk1F0bLw==",
      "cpu": [
        "arm64"
      ],
      "license": "Apache-2.0",
      "optional": true,
      "os": [
        "darwin"
      ],
      "engines": {
        "node": ">=16"
      }
    },
    "node_modules/@openai/codex-darwin-x64": {
      "name": "@openai/codex",
      "version": "0.155.1-darwin-x64",
      "resolved": "https://registry.npmjs.org/@openai/codex/-/codex-0.155.1-darwin-x64.tgz",
      "integrity": "sha512-FDpc+PdELYlyDnhd76Ckm6jNLF+1n3x34Ygd4QLQger810Vkxx/InQ5LY5jwkecJYKcbvyhMmuxTspaj1dLZrA==",
      "cpu": [
        "x64"
      ],
      "license": "Apache-2.0",
      "optional": true,
      "os": [
        "darwin"
      ],
      "engines": {
        "node": ">=16"
      }
    },
    "node_modules/@openai/codex-linux-arm64": {
      "name": "@openai/codex",
      "version": "0.155.1-linux-arm64",
      "resolved": "https://registry.npmjs.org/@openai/codex/-/codex-0.155.1-linux-arm64.tgz",
      "integrity": "sha512-X3fRXm2orhJ3KeB8LgKym4XDUiQaqaOGuaa181bcHTsQI7C8m6tcQQbQsKDzT/2IibikzgYL82jvsgMbq43jww==",
      "cpu": [
        "arm64"
      ],
      "license": "Apache-2.0",
      "optional": true,
      "os": [
        "linux"
      ],
      "engines": {
        "node": ">=16"
      }
    },
    "node_modules/@openai/codex-linux-x64": {
      "name": "@openai/codex",
      "version": "0.155.1-linux-x64",
      "resolved": "https://registry.npmjs.org/@openai/codex/-/codex-0.155.1-linux-x64.tgz",
      "integrity": "sha512-atv3HF0mubqB0J/XkQ2JopqKzXJ+/7aQtTB2MkJ9MrraujMIz8zbCCLylLkN3PzpVGTJzzQFN/wD1oq8oJPJKg==",
      "cpu": [
        "x64"
      ],
      "license": "Apache-2.0",
      "optional": true,
      "os": [
        "linux"
      ],
      "engines": {
        "node": ">=16"
      }
    },
    "node_modules/@openai/codex-win32-arm64": {
      "name": "@openai/codex",
      "version": "0.155.1-win32-arm64",
      "resolved": "https://registry.npmjs.org/@openai/codex/-/codex-0.155.1-win32-arm64.tgz",
      "integrity": "sha512-k5x8VO1aF8Xx/nuh1P31TeBgs11WA6i2GJiHqx5YCndFbWzOzUz6aeBaq9+PO6Qfe/Ivennh3I1FKJBU6Q8mpg==",
      "cpu": [
        "arm64"
      ],
      "license": "Apache-2.0",
      "optional": true,
      "os": [
        "win32"
      ],
      "engines": {
        "node": ">=16"
      }
    },
    "node_modules/@openai/codex-win32-x64": {
      "name": "@openai/codex",
      "version": "0.155.1-win32-x64",
      "resolved": "https://registry.npmjs.org/@openai/codex/-/codex-0.155.1-win32-x64.tgz",
      "integrity": "sha512-MO+cCZrgU0Ec7lJP/5NsTe5obJ9/qtRMkQUK0jYWTY1omxLA3lp5IOD2IAmsejlEJB931XRo51LZ7hl178CDjA==",
      "cpu": [
        "x64"
      ],
      "license": "Apache-2.0",
      "optional": true,
      "os": [
        "win32"
      ],
      "engines": {
        "node": ">=16"
      }
    },
    "node_modules/nan": {
      "version": "2.28.0",
      "resolved": "https://registry.npmjs.org/nan/-/nan-2.28.0.tgz",
      "integrity": "sha512-fTsDz99OTq2sVePhGdp4qQhggZFtKr64ZNVyVajRKtMOkJxYekplBh577PiJB12v/D3s2E5cGtOI45LWp6rnLQ==",
      "license": "MIT",
      "optional": true
    },
    "node_modules/node-addon-api": {
      "version": "8.8.0",
      "resolved": "https://registry.npmjs.org/node-addon-api/-/node-addon-api-8.8.0.tgz",
      "integrity": "sha512-c5Ko1fZJIJmzhFIkhRN76WTq+fC6tWnGy9CXA0fA+XygsWZmEwG8vmbkNqxMyoaa0Tin4djul49NzdVcJJcjeA==",
      "license": "MIT",
      "optional": true,
      "engines": {
        "node": "^18 || ^20 || >= 21"
      }
    },
    "node_modules/node-pty": {
      "version": "1.0.0",
      "resolved": "https://registry.npmjs.org/node-pty/-/node-pty-1.0.0.tgz",
      "integrity": "sha512-wtBMWWS7dFZm/VgqElrTvtfMq4GzJ6+edFI0Y0zyzygUSZMgZdraDUMUhCIvkjhJjme15qWmbyJbtAx4ot4uZA==",
      "hasInstallScript": true,
      "license": "MIT",
      "optional": true,
      "dependencies": {
        "nan": "^2.17.0"
      }
    }
  }
}
